
Microsoft Visual Studio Solution File, Format Version 12.00
# Visual Studio Version 16
VisualStudioVersion = 16.0.31424.327
MinimumVisualStudioVersion = 10.0.40219.1
Project("{FAE04EC0-301F-11D3-BF4B-00C04F79EFBC}") = "TestDigital", "TestDigital.csproj", "{174334E5-2E8A-4DED-9C5A-F541A04B6BF8}"
EndProject
Global
	GlobalSection(SolutionConfigurationPlatforms) = preSolution
		Debug|Any CPU = Debug|Any CPU
		Release|Any CPU = Release|Any CPU
	EndGlobalSection
	GlobalSection(ProjectConfigurationPlatforms) = postSolution
		{174334E5-2E8A-4DED-9C5A-F541A04B6BF8}.Debug|Any CPU.ActiveCfg = Debug|Any CPU
		{174334E5-2E8A-4DED-9C5A-F541A04B6BF8}.Debug|Any CPU.Build.0 = Debug|Any CPU
		{174334E5-2E8A-4DED-9C5A-F541A04B6BF8}.Release|Any CPU.ActiveCfg = Release|Any CPU
		{174334E5-2E8A-4DED-9C5A-F541A04B6BF8}.Release|Any CPU.Build.0 = Release|Any CPU
	EndGlobalSection
	GlobalSection(SolutionProperties) = preSolution
		HideSolutionNode = FALSE
	EndGlobalSection
	GlobalSection(ExtensibilityGlobals) = postSolution
		SolutionGuid = {9354722E-7712-4FEA-B6DC-1A1A14457C0E}
	EndGlobalSection
EndGlobal
